// !$*UTF8*$!
{
	archiveVersion = 1;
	classes = {
	};
	objectVersion = 55;
	objects = {

/* Begin PBXBuildFile section */
		99E819AC27DBD15A006757D9 /* VentBoxApp.swift in Sources */ = {isa = PBXBuildFile; fileRef = 99E8199C27DBD159006757D9 /* VentBoxApp.swift */; };
		99E819AD27DBD15A006757D9 /* VentBoxApp.swift in Sources */ = {isa = PBXBuildFile; fileRef = 99E8199C27DBD159006757D9 /* VentBoxApp.swift */; };
		99E819AE27DBD15A006757D9 /* ContentView.swift in Sources */ = {isa = PBXBuildFile; fileRef = 99E8199D27DBD159006757D9 /* ContentView.swift */; };
		99E819AF27DBD15A006757D9 /* ContentView.swift in Sources */ = {isa = PBXBuildFile; fileRef = 99E8199D27DBD159006757D9 /* ContentView.swift */; };
		99E819B027DBD15A006757D9 /* Assets.xcassets in Resources */ = {isa = PBXBuildFile; fileRef = 99E8199E27DBD15A006757D9 /* Assets.xcassets */; };
		99E819B127DBD15A006757D9 /* Assets.xcassets in Resources */ = {isa = PBXBuildFile; fileRef = 99E8199E27DBD15A006757D9 /* Assets.xcassets */; };
		99E819BF27DBDC95006757D9 /* FirebaseFirestore in Frameworks */ = {isa = PBXBuildFile; productRef = 99E819BE27DBDC95006757D9 /* FirebaseFirestore */; };
		99E819C127DBDFCE006757D9 /* Vents.swift in Sources */ = {isa = PBXBuildFile; fileRef = 99E819C027DBDFCE006757D9 /* Vents.swift */; };
		99E819C227DBDFCE006757D9 /* Vents.swift in Sources */ = {isa = PBXBuildFile; fileRef = 99E819C027DBDFCE006757D9 /* Vents.swift */; };
		99E819C427DBE7A4006757D9 /* ViewModel.swift in Sources */ = {isa = PBXBuildFile; fileRef = 99E819C327DBE7A3006757D9 /* ViewModel.swift */; };
		99E819C527DBE7A4006757D9 /* ViewModel.swift in Sources */ = {isa = PBXBuildFile; fileRef = 99E819C327DBE7A3006757D9 /* ViewModel.swift */; };
		99E819C927DC15CA006757D9 /* GoogleService-Info.plist in Resources */ = {isa = PBXBuildFile; fileRef = 99E819C827DC15CA006757D9 /* GoogleService-Info.plist */; };
		99E819D327DD09A5006757D9 /* NotesView.swift in Sources */ = {isa = PBXBuildFile; fileRef = 99E819D227DD09A5006757D9 /* NotesView.swift */; };
		99E819D427DD09A5006757D9 /* NotesView.swift in Sources */ = {isa = PBXBuildFile; fileRef = 99E819D227DD09A5006757D9 /* NotesView.swift */; };
		99E819D627DD09D4006757D9 /* CreateView.swift in Sources */ = {isa = PBXBuildFile; fileRef = 99E819D527DD09D3006757D9 /* CreateView.swift */; };
/* End PBXBuildFile section */

/* Begin PBXFileReference section */
		99E8199C27DBD159006757D9 /* VentBoxApp.swift */ = {isa = PBXFileReference; lastKnownFileType = sourcecode.swift; path = VentBoxApp.swift; sourceTree = "<group>"; };
		99E8199D27DBD159006757D9 /* ContentView.swift */ = {isa = PBXFileReference; lastKnownFileType = sourcecode.swift; path = ContentView.swift; sourceTree = "<group>"; };
		99E8199E27DBD15A006757D9 /* Assets.xcassets */ = {isa = PBXFileReference; lastKnownFileType = folder.assetcatalog; path = Assets.xcassets; sourceTree = "<group>"; };
		99E819A327DBD15A006757D9 /* VentBox.app */ = {isa = PBXFileReference; explicitFileType = wrapper.application; includeInIndex = 0; path = VentBox.app; sourceTree = BUILT_PRODUCTS_DIR; };
		99E819A927DBD15A006757D9 /* VentBox.app */ = {isa = PBXFileReference; explicitFileType = wrapper.application; includeInIndex = 0; path = VentBox.app; sourceTree = BUILT_PRODUCTS_DIR; };
		99E819C027DBDFCE006757D9 /* Vents.swift */ = {isa = PBXFileReference; lastKnownFileType = sourcecode.swift; path = Vents.swift; sourceTree = "<group>"; };
		99E819C327DBE7A3006757D9 /* ViewModel.swift */ = {isa = PBXFileReference; lastKnownFileType = sourcecode.swift; path = ViewModel.swift; sourceTree = "<group>"; };
		99E819C827DC15CA006757D9 /* GoogleService-Info.plist */ = {isa = PBXFileReference; fileEncoding = 4; lastKnownFileType = text.plist.xml; path = "GoogleService-Info.plist"; sourceTree = "<group>"; };
		99E819D227DD09A5006757D9 /* NotesView.swift */ = {isa = PBXFileReference; lastKnownFileType = sourcecode.swift; path = NotesView.swift; sourceTree = "<group>"; };
		99E819D527DD09D3006757D9 /* CreateView.swift */ = {isa = PBXFileReference; lastKnownFileType = sourcecode.swift; path = CreateView.swift; sourceTree = "<group>"; };
/* End PBXFileReference section */

/* Begin PBXFrameworksBuildPhase section */
		99E819A027DBD15A006757D9 /* Frameworks */ = {
			isa = PBXFrameworksBuildPhase;
			buildActionMask = 2147483647;
			files = (
				99E819BF27DBDC95006757D9 /* FirebaseFirestore in Frameworks */,
			);
			runOnlyForDeploymentPostprocessing = 0;
		};
		99E819A627DBD15A006757D9 /* Frameworks */ = {
			isa = PBXFrameworksBuildPhase;
			buildActionMask = 2147483647;
			files = (
			);
			runOnlyForDeploymentPostprocessing = 0;
		};
/* End PBXFrameworksBuildPhase section */

/* Begin PBXGroup section */
		99E8199627DBD159006757D9 = {
			isa = PBXGroup;
			children = (
				99E8199B27DBD159006757D9 /* Shared */,
				99E819A427DBD15A006757D9 /* Products */,
			);
			sourceTree = "<group>";
		};
		99E8199B27DBD159006757D9 /* Shared */ = {
			isa = PBXGroup;
			children = (
				99E819C827DC15CA006757D9 /* GoogleService-Info.plist */,
				99E819D027DD018E006757D9 /* ViewModels */,
				99E819CF27DD0167006757D9 /* Models */,
				99E819CE27DD015D006757D9 /* Views */,
				99E8199C27DBD159006757D9 /* VentBoxApp.swift */,
				99E8199E27DBD15A006757D9 /* Assets.xcassets */,
			);
			path = Shared;
			sourceTree = "<group>";
		};
		99E819A427DBD15A006757D9 /* Products */ = {
			isa = PBXGroup;
			children = (
				99E819A327DBD15A006757D9 /* VentBox.app */,
				99E819A927DBD15A006757D9 /* VentBox.app */,
			);
			name = Products;
			sourceTree = "<group>";
		};
		99E819CE27DD015D006757D9 /* Views */ = {
			isa = PBXGroup;
			children = (
				99E8199D27DBD159006757D9 /* ContentView.swift */,
				99E819D227DD09A5006757D9 /* NotesView.swift */,
				99E819D527DD09D3006757D9 /* CreateView.swift */,
			);
			path = Views;
			sourceTree = "<group>";
		};
		99E819CF27DD0167006757D9 /* Models */ = {
			isa = PBXGroup;
			children = (
				99E819C027DBDFCE006757D9 /* Vents.swift */,
			);
			path = Models;
			sourceTree = "<group>";
		};
		99E819D027DD018E006757D9 /* ViewModels */ = {
			isa = PBXGroup;
			children = (
				99E819C327DBE7A3006757D9 /* ViewModel.swift */,
			);
			path = ViewModels;
			sourceTree = "<group>";
		};
/* End PBXGroup section */

/* Begin PBXNativeTarget section */
		99E819A227DBD15A006757D9 /* VentBox (iOS) */ = {
			isa = PBXNativeTarget;
			buildConfigurationList = 99E819B427DBD15A006757D9 /* Build configuration list for PBXNativeTarget "VentBox (iOS)" */;
			buildPhases = (
				99E8199F27DBD15A006757D9 /* Sources */,
				99E819A027DBD15A006757D9 /* Frameworks */,
				99E819A127DBD15A006757D9 /* Resources */,
			);
			buildRules = (
			);
			dependencies = (
			);
			name = "VentBox (iOS)";
			packageProductDependencies = (
				99E819BE27DBDC95006757D9 /* FirebaseFirestore */,
			);
			productName = "VentBox (iOS)";
			productReference = 99E819A327DBD15A006757D9 /* VentBox.app */;
			productType = "com.apple.product-type.application";
		};
		99E819A827DBD15A006757D9 /* VentBox (macOS) */ = {
			isa = PBXNativeTarget;
			buildConfigurationList = 99E819B727DBD15A006757D9 /* Build configuration list for PBXNativeTarget "VentBox (macOS)" */;
			buildPhases = (
				99E819A527DBD15A006757D9 /* Sources */,
				99E819A627DBD15A006757D9 /* Frameworks */,
				99E819A727DBD15A006757D9 /* Resources */,
			);
			buildRules = (
			);
			dependencies = (
			);
			name = "VentBox (macOS)";
			productName = "VentBox (macOS)";
			productReference = 99E819A927DBD15A006757D9 /* VentBox.app */;
			productType = "com.apple.product-type.application";
		};
/* End PBXNativeTarget section */

/* Begin PBXProject section */
		99E8199727DBD159006757D9 /* Project object */ = {
			isa = PBXProject;
			attributes = {
				BuildIndependentTargetsInParallel = 1;
				LastSwiftUpdateCheck = 1320;
				LastUpgradeCheck = 1320;
				TargetAttributes = {
					99E819A227DBD15A006757D9 = {
						CreatedOnToolsVersion = 13.2.1;
					};
					99E819A827DBD15A006757D9 = {
						CreatedOnToolsVersion = 13.2.1;
					};
				};
			};
			buildConfigurationList = 99E8199A27DBD159006757D9 /* Build configuration list for PBXProject "VentBox" */;
			compatibilityVersion = "Xcode 13.0";
			developmentRegion = en;
			hasScannedForEncodings = 0;
			knownRegions = (
				en,
				Base,
			);
			mainGroup = 99E8199627DBD159006757D9;
			packageReferences = (
				99E819BD27DBDC94006757D9 /* XCRemoteSwiftPackageReference "firebase-ios-sdk" */,
			);
			productRefGroup = 99E819A427DBD15A006757D9 /* Products */;
			projectDirPath = "";
			projectRoot = "";
			targets = (
				99E819A227DBD15A006757D9 /* VentBox (iOS) */,
				99E819A827DBD15A006757D9 /* VentBox (macOS) */,
			);
		};
/* End PBXProject section */

/* Begin PBXResourcesBuildPhase section */
		99E819A127DBD15A006757D9 /* Resources */ = {
			isa = PBXResourcesBuildPhase;
			buildActionMask = 2147483647;
			files = (
				99E819B027DBD15A006757D9 /* Assets.xcassets in Resources */,
				99E819C927DC15CA006757D9 /* GoogleService-Info.plist in Resources */,
			);
			runOnlyForDeploymentPostprocessing = 0;
		};
		99E819A727DBD15A006757D9 /* Resources */ = {
			isa = PBXResourcesBuildPhase;
			buildActionMask = 2147483647;
			files = (
				99E819B127DBD15A006757D9 /* Assets.xcassets in Resources */,
			);
			runOnlyForDeploymentPostprocessing = 0;
		};
/* End PBXResourcesBuildPhase section */

/* Begin PBXSourcesBuildPhase section */
		99E8199F27DBD15A006757D9 /* Sources */ = {
			isa = PBXSourcesBuildPhase;
			buildActionMask = 2147483647;
			files = (
				99E819AE27DBD15A006757D9 /* ContentView.swift in Sources */,
				99E819C127DBDFCE006757D9 /* Vents.swift in Sources */,
				99E819D327DD09A5006757D9 /* NotesView.swift in Sources */,
				99E819C427DBE7A4006757D9 /* ViewModel.swift in Sources */,
				99E819D627DD09D4006757D9 /* CreateView.swift in Sources */,
				99E819AC27DBD15A006757D9 /* VentBoxApp.swift in Sources */,
			);
			runOnlyForDeploymentPostprocessing = 0;
		};
		99E819A527DBD15A006757D9 /* Sources */ = {
			isa = PBXSourcesBuildPhase;
			buildActionMask = 2147483647;
			files = (
				99E819AF27DBD15A006757D9 /* ContentView.swift in Sources */,
				99E819C227DBDFCE006757D9 /* Vents.swift in Sources */,
				99E819D427DD09A5006757D9 /* NotesView.swift in Sources */,
				99E819C527DBE7A4006757D9 /* ViewModel.swift in Sources */,
				99E819AD27DBD15A006757D9 /* VentBoxApp.swift in Sources */,
			);
			runOnlyForDeploymentPostprocessing = 0;
		};
/* End PBXSourcesBuildPhase section */

/* Begin XCBuildConfiguration section */
		99E819B227DBD15A006757D9 /* Debug */ = {
			isa = XCBuildConfiguration;
			buildSettings = {
				ALWAYS_SEARCH_USER_PATHS = NO;
				CLANG_ANALYZER_NONNULL = YES;
				CLANG_ANALYZER_NUMBER_OBJECT_CONVERSION = YES_AGGRESSIVE;
				CLANG_CXX_LANGUAGE_STANDARD = "gnu++17";
				CLANG_CXX_LIBRARY = "libc++";
				CLANG_ENABLE_MODULES = YES;
				CLANG_ENABLE_OBJC_ARC = YES;
				CLANG_ENABLE_OBJC_WEAK = YES;
				CLANG_WARN_BLOCK_CAPTURE_AUTORELEASING = YES;
				CLANG_WARN_BOOL_CONVERSION = YES;
				CLANG_WARN_COMMA = YES;
				CLANG_WARN_CONSTANT_CONVERSION = YES;
				CLANG_WARN_DEPRECATED_OBJC_IMPLEMENTATIONS = YES;
				CLANG_WARN_DIRECT_OBJC_ISA_USAGE = YES_ERROR;
				CLANG_WARN_DOCUMENTATION_COMMENTS = YES;
				CLANG_WARN_EMPTY_BODY = YES;
				CLANG_WARN_ENUM_CONVERSION = YES;
				CLANG_WARN_INFINITE_RECURSION = YES;
				CLANG_WARN_INT_CONVERSION = YES;
				CLANG_WARN_NON_LITERAL_NULL_CONVERSION = YES;
				CLANG_WARN_OBJC_IMPLICIT_RETAIN_SELF = YES;
				CLANG_WARN_OBJC_LITERAL_CONVERSION = YES;
				CLANG_WARN_OBJC_ROOT_CLASS = YES_ERROR;
				CLANG_WARN_QUOTED_INCLUDE_IN_FRAMEWORK_HEADER = YES;
				CLANG_WARN_RANGE_LOOP_ANALYSIS = YES;
				CLANG_WARN_STRICT_PROTOTYPES = YES;
				CLANG_WARN_SUSPICIOUS_MOVE = YES;
				CLANG_WARN_UNGUARDED_AVAILABILITY = YES_AGGRESSIVE;
				CLANG_WARN_UNREACHABLE_CODE = YES;
				CLANG_WARN__DUPLICATE_METHOD_MATCH = YES;
				COPY_PHASE_STRIP = NO;
				DEBUG_INFORMATION_FORMAT = dwarf;
				ENABLE_STRICT_OBJC_MSGSEND = YES;
				ENABLE_TESTABILITY = YES;
				GCC_C_LANGUAGE_STANDARD = gnu11;
				GCC_DYNAMIC_NO_PIC = NO;
				GCC_NO_COMMON_BLOCKS = YES;
				GCC_OPTIMIZATION_LEVEL = 0;
				GCC_PREPROCESSOR_DEFINITIONS = (
					"DEBUG=1",
					"$(inherited)",
				);
				GCC_WARN_64_TO_32_BIT_CONVERSION = YES;
				GCC_WARN_ABOUT_RETURN_TYPE = YES_ERROR;
				GCC_WARN_UNDECLARED_SELECTOR = YES;
				GCC_WARN_UNINITIALIZED_AUTOS = YES_AGGRESSIVE;
				GCC_WARN_UNUSED_FUNCTION = YES;
				GCC_WARN_UNUSED_VARIABLE = YES;
				MTL_ENABLE_DEBUG_INFO = INCLUDE_SOURCE;
				MTL_FAST_MATH = YES;
				ONLY_ACTIVE_ARCH = YES;
				SWIFT_ACTIVE_COMPILATION_CONDITIONS = DEBUG;
				SWIFT_OPTIMIZATION_LEVEL = "-Onone";
			};
			name = Debug;
		};
		99E819B327DBD15A006757D9 /* Release */ = {
			isa = XCBuildConfiguration;
			buildSettings = {
				ALWAYS_SEARCH_USER_PATHS = NO;
				CLANG_ANALYZER_NONNULL = YES;
				CLANG_ANALYZER_NUMBER_OBJECT_CONVERSION = YES_AGGRESSIVE;
				CLANG_CXX_LANGUAGE_STANDARD = "gnu++17";
				CLANG_CXX_LIBRARY = "libc++";
				CLANG_ENABLE_MODULES = YES;
				CLANG_ENABLE_OBJC_ARC = YES;
				CLANG_ENABLE_OBJC_WEAK = YES;
				CLANG_WARN_BLOCK_CAPTURE_AUTORELEASING = YES;
				CLANG_WARN_BOOL_CONVERSION = YES;
				CLANG_WARN_COMMA = YES;
				CLANG_WARN_CONSTANT_CONVERSION = YES;
				CLANG_WARN_DEPRECATED_OBJC_IMPLEMENTATIONS = YES;
				CLANG_WARN_DIRECT_OBJC_ISA_USAGE = YES_ERROR;
				CLANG_WARN_DOCUMENTATION_COMMENTS = YES;
				CLANG_WARN_EMPTY_BODY = YES;
				CLANG_WARN_ENUM_CONVERSION = YES;
				CLANG_WARN_INFINITE_RECURSION = YES;
				CLANG_WARN_INT_CONVERSION = YES;
				CLANG_WARN_NON_LITERAL_NULL_CONVERSION = YES;
				CLANG_WARN_OBJC_IMPLICIT_RETAIN_SELF = YES;
				CLANG_WARN_OBJC_LITERAL_CONVERSION = YES;
				CLANG_WARN_OBJC_ROOT_CLASS = YES_ERROR;
				CLANG_WARN_QUOTED_INCLUDE_IN_FRAMEWORK_HEADER = YES;
				CLANG_WARN_RANGE_LOOP_ANALYSIS = YES;
				CLANG_WARN_STRICT_PROTOTYPES = YES;
				CLANG_WARN_SUSPICIOUS_MOVE = YES;
				CLANG_WARN_UNGUARDED_AVAILABILITY = YES_AGGRESSIVE;
				CLANG_WARN_UNREACHABLE_CODE = YES;
				CLANG_WARN__DUPLICATE_METHOD_MATCH = YES;
				COPY_PHASE_STRIP = NO;
				DEBUG_INFORMATION_FORMAT = "dwarf-with-dsym";
				ENABLE_NS_ASSERTIONS = NO;
				ENABLE_STRICT_OBJC_MSGSEND = YES;
				GCC_C_LANGUAGE_STANDARD = gnu11;
				GCC_NO_COMMON_BLOCKS = YES;
				GCC_WARN_64_TO_32_BIT_CONVERSION = YES;
				GCC_WARN_ABOUT_RETURN_TYPE = YES_ERROR;
				GCC_WARN_UNDECLARED_SELECTOR = YES;
				GCC_WARN_UNINITIALIZED_AUTOS = YES_AGGRESSIVE;
				GCC_WARN_UNUSED_FUNCTION = YES;
				GCC_WARN_UNUSED_VARIABLE = YES;
				MTL_ENABLE_DEBUG_INFO = NO;
				MTL_FAST_MATH = YES;
				SWIFT_COMPILATION_MODE = wholemodule;
				SWIFT_OPTIMIZATION_LEVEL = "-O";
			};
			name = Release;
		};
		99E819B527DBD15A006757D9 /* Debug */ = {
			isa = XCBuildConfiguration;
			buildSettings = {
				ASSETCATALOG_COMPILER_APPICON_NAME = AppIcon;
				ASSETCATALOG_COMPILER_GLOBAL_ACCENT_COLOR_NAME = AccentColor;
				CODE_SIGN_STYLE = Automatic;
				CURRENT_PROJECT_VERSION = 1;
				DEVELOPMENT_TEAM = 2VYXS4APM6;
				ENABLE_PREVIEWS = YES;
				GENERATE_INFOPLIST_FILE = YES;
				INFOPLIST_KEY_UIApplicationSceneManifest_Generation = YES;
				INFOPLIST_KEY_UIApplicationSupportsIndirectInputEvents = YES;
				INFOPLIST_KEY_UILaunchScreen_Generation = YES;
				INFOPLIST_KEY_UISupportedInterfaceOrientations_iPad = "UIInterfaceOrientationPortrait UIInterfaceOrientationPortraitUpsideDown UIInterfaceOrientationLandscapeLeft UIInterfaceOrientationLandscapeRight";
				INFOPLIST_KEY_UISupportedInterfaceOrientations_iPhone = "UIInterfaceOrientationPortrait UIInterfaceOrientationLandscapeLeft UIInterfaceOrientationLandscapeRight";
				IPHONEOS_DEPLOYMENT_TARGET = 15.2;
				LD_RUNPATH_SEARCH_PATHS = (
					"$(inherited)",
					"@executable_path/Frameworks",
				);
				MARKETING_VERSION = 1.0;
				PRODUCT_BUNDLE_IDENTIFIER = com.jasonhe.VentBox;
				PRODUCT_NAME = VentBox;
				SDKROOT = iphoneos;
				SWIFT_EMIT_LOC_STRINGS = YES;
				SWIFT_VERSION = 5.0;
				TARGETED_DEVICE_FAMILY = "1,2";
			};
			name = Debug;
		};
		99E819B627DBD15A006757D9 /* Release */ = {
			isa = XCBuildConfiguration;
			buildSettings = {
				ASSETCATALOG_COMPILER_APPICON_NAME = AppIcon;
				ASSETCATALOG_COMPILER_GLOBAL_ACCENT_COLOR_NAME = AccentColor;
				CODE_SIGN_STYLE = Automatic;
				CURRENT_PROJECT_VERSION = 1;
				DEVELOPMENT_TEAM = 2VYXS4APM6;
				ENABLE_PREVIEWS = YES;
				GENERATE_INFOPLIST_FILE = YES;
				INFOPLIST_KEY_UIApplicationSceneManifest_Generation = YES;
				INFOPLIST_KEY_UIApplicationSupportsIndirectInputEvents = YES;
				INFOPLIST_KEY_UILaunchScreen_Generation = YES;
				INFOPLIST_KEY_UISupportedInterfaceOrientations_iPad = "UIInterfaceOrientationPortrait UIInterfaceOrientationPortraitUpsideDown UIInterfaceOrientationLandscapeLeft UIInterfaceOrientationLandscapeRight";
				INFOPLIST_KEY_UISupportedInterfaceOrientations_iPhone = "UIInterfaceOrientationPortrait UIInterfaceOrientationLandscapeLeft UIInterfaceOrientationLandscapeRight";
				IPHONEOS_DEPLOYMENT_TARGET = 15.2;
				LD_RUNPATH_SEARCH_PATHS = (
					"$(inherited)",
					"@executable_path/Frameworks",
				);
				MARKETING_VERSION = 1.0;
				PRODUCT_BUNDLE_IDENTIFIER = com.jasonhe.VentBox;
				PRODUCT_NAME = VentBox;
				SDKROOT = iphoneos;
				SWIFT_EMIT_LOC_STRINGS = YES;
				SWIFT_VERSION = 5.0;
				TARGETED_DEVICE_FAMILY = "1,2";
				VALIDATE_PRODUCT = YES;
			};
			name = Release;
		};
		99E819B827DBD15A006757D9 /* Debug */ = {
			isa = XCBuildConfiguration;
			buildSettings = {
				ASSETCATALOG_COMPILER_APPICON_NAME = AppIcon;
				ASSETCATALOG_COMPILER_GLOBAL_ACCENT_COLOR_NAME = AccentColor;
				CODE_SIGN_ENTITLEMENTS = macOS/macOS.entitlements;
				CODE_SIGN_STYLE = Automatic;
				COMBINE_HIDPI_IMAGES = YES;
				CURRENT_PROJECT_VERSION = 1;
				DEVELOPMENT_TEAM = 2VYXS4APM6;
				ENABLE_HARDENED_RUNTIME = YES;
				ENABLE_PREVIEWS = YES;
				GENERATE_INFOPLIST_FILE = YES;
				INFOPLIST_KEY_NSHumanReadableCopyright = "";
				LD_RUNPATH_SEARCH_PATHS = (
					"$(inherited)",
					"@executable_path/../Frameworks",
				);
				MACOSX_DEPLOYMENT_TARGET = 12.1;
				MARKETING_VERSION = 1.0;
				PRODUCT_BUNDLE_IDENTIFIER = com.jasonhe.VentBox;
				PRODUCT_NAME = VentBox;
				SDKROOT = macosx;
				SWIFT_EMIT_LOC_STRINGS = YES;
				SWIFT_VERSION = 5.0;
			};
			name = Debug;
		};
		99E819B927DBD15A006757D9 /* Release */ = {
			isa = XCBuildConfiguration;
			buildSettings = {
				ASSETCATALOG_COMPILER_APPICON_NAME = AppIcon;
				ASSETCATALOG_COMPILER_GLOBAL_ACCENT_COLOR_NAME = AccentColor;
				CODE_SIGN_ENTITLEMENTS = macOS/macOS.entitlements;
				CODE_SIGN_STYLE = Automatic;
				COMBINE_HIDPI_IMAGES = YES;
				CURRENT_PROJECT_VERSION = 1;
				DEVELOPMENT_TEAM = 2VYXS4APM6;
				ENABLE_HARDENED_RUNTIME = YES;
				ENABLE_PREVIEWS = YES;
				GENERATE_INFOPLIST_FILE = YES;
				INFOPLIST_KEY_NSHumanReadableCopyright = "";
				LD_RUNPATH_SEARCH_PATHS = (
					"$(inherited)",
					"@executable_path/../Frameworks",
				);
				MACOSX_DEPLOYMENT_TARGET = 12.1;
				MARKETING_VERSION = 1.0;
				PRODUCT_BUNDLE_IDENTIFIER = com.jasonhe.VentBox;
				PRODUCT_NAME = VentBox;
				SDKROOT = macosx;
				SWIFT_EMIT_LOC_STRINGS = YES;
				SWIFT_VERSION = 5.0;
			};
			name = Release;
		};
/* End XCBuildConfiguration section */

/* Begin XCConfigurationList section */
		99E8199A27DBD159006757D9 /* Build configuration list for PBXProject "VentBox" */ = {
			isa = XCConfigurationList;
			buildConfigurations = (
				99E819B227DBD15A006757D9 /* Debug */,
				99E819B327DBD15A006757D9 /* Release */,
			);
			defaultConfigurationIsVisible = 0;
			defaultConfigurationName = Release;
		};
		99E819B427DBD15A006757D9 /* Build configuration list for PBXNativeTarget "VentBox (iOS)" */ = {
			isa = XCConfigurationList;
			buildConfigurations = (
				99E819B527DBD15A006757D9 /* Debug */,
				99E819B627DBD15A006757D9 /* Release */,
			);
			defaultConfigurationIsVisible = 0;
			defaultConfigurationName = Release;
		};
		99E819B727DBD15A006757D9 /* Build configuration list for PBXNativeTarget "VentBox (macOS)" */ = {
			isa = XCConfigurationList;
			buildConfigurations = (
				99E819B827DBD15A006757D9 /* Debug */,
				99E819B927DBD15A006757D9 /* Release */,
			);
			defaultConfigurationIsVisible = 0;
			defaultConfigurationName = Release;
		};
/* End XCConfigurationList section */

/* Begin XCRemoteSwiftPackageReference section */
		99E819BD27DBDC94006757D9 /* XCRemoteSwiftPackageReference "firebase-ios-sdk" */ = {
			isa = XCRemoteSwiftPackageReference;
			repositoryURL = "https://github.com/firebase/firebase-ios-sdk";
			requirement = {
				kind = upToNextMajorVersion;
				minimumVersion = 8.0.0;
			};
		};
/* End XCRemoteSwiftPackageReference section */

/* Begin XCSwiftPackageProductDependency section */
		99E819BE27DBDC95006757D9 /* FirebaseFirestore */ = {
			isa = XCSwiftPackageProductDependency;
			package = 99E819BD27DBDC94006757D9 /* XCRemoteSwiftPackageReference "firebase-ios-sdk" */;
			productName = FirebaseFirestore;
		};
/* End XCSwiftPackageProductDependency section */
	};
	rootObject = 99E8199727DBD159006757D9 /* Project object */;
}
